Microsoft Visual Studio Solution File, Format Version 12.00
# Visual Studio Version 17
VisualStudioVersion = 17.5.2.0
MinimumVisualStudioVersion = 10.0.40219.1
Project("{FAE04EC0-301F-11D3-BF4B-00C04F79EFBC}") = "Leonardo", "Leonardo\Leonardo.csproj", "{09DDE6FC-8DE1-FEA3-71EA-550A706C7680}"
EndProject
Global
	GlobalSection(SolutionConfigurationPlatforms) = preSolution
		Debug|Any CPU = Debug|Any CPU
		Release|Any CPU = Release|Any CPU
	EndGlobalSection
	GlobalSection(ProjectConfigurationPlatforms) = postSolution
		{09DDE6FC-8DE1-FEA3-71EA-550A706C7680}.Debug|Any CPU.ActiveCfg = Debug|Any CPU
		{09DDE6FC-8DE1-FEA3-71EA-550A706C7680}.Debug|Any CPU.Build.0 = Debug|Any CPU
		{09DDE6FC-8DE1-FEA3-71EA-550A706C7680}.Release|Any CPU.ActiveCfg = Release|Any CPU
		{09DDE6FC-8DE1-FEA3-71EA-550A706C7680}.Release|Any CPU.Build.0 = Release|Any CPU
	EndGlobalSection
	GlobalSection(SolutionProperties) = preSolution
		HideSolutionNode = FALSE
	EndGlobalSection
	GlobalSection(ExtensibilityGlobals) = postSolution
		SolutionGuid = {996A875D-ADEB-440D-A2C8-2191B28B3134}
	EndGlobalSection
EndGlobal
